// !$*UTF8*$!
{
	archiveVersion = 1;
	classes = {
	};
	objectVersion = 51;
	objects = {

/* Begin PBXBuildFile section */
		A007775BA4933FDB6E04E920 /* Pods_Mini_Grocery_Mini_GroceryUITests.framework in Frameworks */ = {isa = PBXBuildFile; fileRef = 2123883BF32644A0050B9BE8 /* Pods_Mini_Grocery_Mini_GroceryUITests.framework */; };
		C11F926D8C51A40193B138DE /* Pods_Mini_Grocery.framework in Frameworks */ = {isa = PBXBuildFile; fileRef = C79C7E2D450EBD001A779E93 /* Pods_Mini_Grocery.framework */; };
		E3AE22DA25853D8A007A9558 /* Product.swift in Sources */ = {isa = PBXBuildFile; fileRef = E3AE22D925853D8A007A9558 /* Product.swift */; };
		E3AE22EA258544BD007A9558 /* Checkout.swift in Sources */ = {isa = PBXBuildFile; fileRef = E3AE22E9258544BD007A9558 /* Checkout.swift */; };
		E3AE233D2585859C007A9558 /* ProductListService.swift in Sources */ = {isa = PBXBuildFile; fileRef = E3AE233C2585859C007A9558 /* ProductListService.swift */; };
		E3AE2342258585A7007A9558 /* CartService.swift in Sources */ = {isa = PBXBuildFile; fileRef = E3AE2341258585A7007A9558 /* CartService.swift */; };
		E3AE235825859167007A9558 /* ProductListPresenter.swift in Sources */ = {isa = PBXBuildFile; fileRef = E3AE235725859167007A9558 /* ProductListPresenter.swift */; };
		E3AE235D25859182007A9558 /* CartPresenter.swift in Sources */ = {isa = PBXBuildFile; fileRef = E3AE235C25859182007A9558 /* CartPresenter.swift */; };
		E3AE236225859334007A9558 /* ProductListViewController.swift in Sources */ = {isa = PBXBuildFile; fileRef = E3AE236125859334007A9558 /* ProductListViewController.swift */; };
		E3AE236725859349007A9558 /* CartViewController.swift in Sources */ = {isa = PBXBuildFile; fileRef = E3AE236625859349007A9558 /* CartViewController.swift */; };
		E3AE239225864625007A9558 /* BasePresenter.swift in Sources */ = {isa = PBXBuildFile; fileRef = E3AE239125864625007A9558 /* BasePresenter.swift */; };
		E3AE23AF25865830007A9558 /* ProductListCollectionViewCell.swift in Sources */ = {isa = PBXBuildFile; fileRef = E3AE23AD25865830007A9558 /* ProductListCollectionViewCell.swift */; };
		E3AE23B025865830007A9558 /* ProductListCollectionViewCell.xib in Resources */ = {isa = PBXBuildFile; fileRef = E3AE23AE25865830007A9558 /* ProductListCollectionViewCell.xib */; };
		E3AE23C425866418007A9558 /* CartTableViewCell.swift in Sources */ = {isa = PBXBuildFile; fileRef = E3AE23C225866418007A9558 /* CartTableViewCell.swift */; };
		E3AE23C525866418007A9558 /* CartTableViewCell.xib in Resources */ = {isa = PBXBuildFile; fileRef = E3AE23C325866418007A9558 /* CartTableViewCell.xib */; };
		E3D4FBA5258525450029E659 /* AppDelegate.swift in Sources */ = {isa = PBXBuildFile; fileRef = E3D4FBA4258525450029E659 /* AppDelegate.swift */; };
		E3D4FBAC258525450029E659 /* Main.storyboard in Resources */ = {isa = PBXBuildFile; fileRef = E3D4FBAA258525450029E659 /* Main.storyboard */; };
		E3D4FBAE258525470029E659 /* Assets.xcassets in Resources */ = {isa = PBXBuildFile; fileRef = E3D4FBAD258525470029E659 /* Assets.xcassets */; };
		E3D4FBB1258525470029E659 /* LaunchScreen.storyboard in Resources */ = {isa = PBXBuildFile; fileRef = E3D4FBAF258525470029E659 /* LaunchScreen.storyboard */; };
		E3D4FBBC258525470029E659 /* Mini_GroceryTests.swift in Sources */ = {isa = PBXBuildFile; fileRef = E3D4FBBB258525470029E659 /* Mini_GroceryTests.swift */; };
		E3D4FBC7258525470029E659 /* Mini_GroceryUITests.swift in Sources */ = {isa = PBXBuildFile; fileRef = E3D4FBC6258525470029E659 /* Mini_GroceryUITests.swift */; };
		E3DAB07E258535AA00465FE3 /* APIManager.swift in Sources */ = {isa = PBXBuildFile; fileRef = E3DAB07D258535AA00465FE3 /* APIManager.swift */; };
		E3DAB083258535CA00465FE3 /* HttpLink.swift in Sources */ = {isa = PBXBuildFile; fileRef = E3DAB082258535CA00465FE3 /* HttpLink.swift */; };
		E3DAB088258535F400465FE3 /* HTTPMethod.swift in Sources */ = {isa = PBXBuildFile; fileRef = E3DAB087258535F400465FE3 /* HTTPMethod.swift */; };
		E3DAB0922585362400465FE3 /* Response.swift in Sources */ = {isa = PBXBuildFile; fileRef = E3DAB0912585362400465FE3 /* Response.swift */; };
		EC57660D35223A4BC2C148A4 /* Pods_Mini_GroceryTests.framework in Frameworks */ = {isa = PBXBuildFile; fileRef = 42C6C65A998D885360D705C9 /* Pods_Mini_GroceryTests.framework */; };
/* End PBXBuildFile section */

/* Begin PBXContainerItemProxy section */
		E3D4FBB8258525470029E659 /* PBXContainerItemProxy */ = {
			isa = PBXContainerItemProxy;
			containerPortal = E3D4FB99258525450029E659 /* Project object */;
			proxyType = 1;
			remoteGlobalIDString = E3D4FBA0258525450029E659;
			remoteInfo = "Mini Grocery";
		};
		E3D4FBC3258525470029E659 /* PBXContainerItemProxy */ = {
			isa = PBXContainerItemProxy;
			containerPortal = E3D4FB99258525450029E659 /* Project object */;
			proxyType = 1;
			remoteGlobalIDString = E3D4FBA0258525450029E659;
			remoteInfo = "Mini Grocery";
		};
/* End PBXContainerItemProxy section */

/* Begin PBXFileReference section */
		2123883BF32644A0050B9BE8 /* Pods_Mini_Grocery_Mini_GroceryUITests.framework */ = {isa = PBXFileReference; explicitFileType = wrapper.framework; includeInIndex = 0; path = Pods_Mini_Grocery_Mini_GroceryUITests.framework; sourceTree = BUILT_PRODUCTS_DIR; };
		41D9412914F88698FA38A904 /* Pods-Mini GroceryTests.debug.xcconfig */ = {isa = PBXFileReference; includeInIndex = 1; lastKnownFileType = text.xcconfig; name = "Pods-Mini GroceryTests.debug.xcconfig"; path = "Target Support Files/Pods-Mini GroceryTests/Pods-Mini GroceryTests.debug.xcconfig"; sourceTree = "<group>"; };
		42C6C65A998D885360D705C9 /* Pods_Mini_GroceryTests.framework */ = {isa = PBXFileReference; explicitFileType = wrapper.framework; includeInIndex = 0; path = Pods_Mini_GroceryTests.framework; sourceTree = BUILT_PRODUCTS_DIR; };
		53ED510833EEE8BB3EF45EF7 /* Pods-Mini Grocery-Mini GroceryUITests.release.xcconfig */ = {isa = PBXFileReference; includeInIndex = 1; lastKnownFileType = text.xcconfig; name = "Pods-Mini Grocery-Mini GroceryUITests.release.xcconfig"; path = "Target Support Files/Pods-Mini Grocery-Mini GroceryUITests/Pods-Mini Grocery-Mini GroceryUITests.release.xcconfig"; sourceTree = "<group>"; };
		5614202D709A85BA8955BD0E /* Pods-Mini GroceryTests.release.xcconfig */ = {isa = PBXFileReference; includeInIndex = 1; lastKnownFileType = text.xcconfig; name = "Pods-Mini GroceryTests.release.xcconfig"; path = "Target Support Files/Pods-Mini GroceryTests/Pods-Mini GroceryTests.release.xcconfig"; sourceTree = "<group>"; };
		5EA7CEBBEF72ED681A01F899 /* Pods-Mini Grocery.release.xcconfig */ = {isa = PBXFileReference; includeInIndex = 1; lastKnownFileType = text.xcconfig; name = "Pods-Mini Grocery.release.xcconfig"; path = "Target Support Files/Pods-Mini Grocery/Pods-Mini Grocery.release.xcconfig"; sourceTree = "<group>"; };
		9534111E232E85710D2D4DDD /* Pods-Mini Grocery.debug.xcconfig */ = {isa = PBXFileReference; includeInIndex = 1; lastKnownFileType = text.xcconfig; name = "Pods-Mini Grocery.debug.xcconfig"; path = "Target Support Files/Pods-Mini Grocery/Pods-Mini Grocery.debug.xcconfig"; sourceTree = "<group>"; };
		C79C7E2D450EBD001A779E93 /* Pods_Mini_Grocery.framework */ = {isa = PBXFileReference; explicitFileType = wrapper.framework; includeInIndex = 0; path = Pods_Mini_Grocery.framework; sourceTree = BUILT_PRODUCTS_DIR; };
		E3AE22D925853D8A007A9558 /* Product.swift */ = {isa = PBXFileReference; lastKnownFileType = sourcecode.swift; path = Product.swift; sourceTree = "<group>"; };
		E3AE22E9258544BD007A9558 /* Checkout.swift */ = {isa = PBXFileReference; lastKnownFileType = sourcecode.swift; path = Checkout.swift; sourceTree = "<group>"; };
		E3AE233C2585859C007A9558 /* ProductListService.swift */ = {isa = PBXFileReference; lastKnownFileType = sourcecode.swift; path = ProductListService.swift; sourceTree = "<group>"; };
		E3AE2341258585A7007A9558 /* CartService.swift */ = {isa = PBXFileReference; lastKnownFileType = sourcecode.swift; path = CartService.swift; sourceTree = "<group>"; };
		E3AE235725859167007A9558 /* ProductListPresenter.swift */ = {isa = PBXFileReference; lastKnownFileType = sourcecode.swift; path = ProductListPresenter.swift; sourceTree = "<group>"; };
		E3AE235C25859182007A9558 /* CartPresenter.swift */ = {isa = PBXFileReference; lastKnownFileType = sourcecode.swift; path = CartPresenter.swift; sourceTree = "<group>"; };
		E3AE236125859334007A9558 /* ProductListViewController.swift */ = {isa = PBXFileReference; lastKnownFileType = sourcecode.swift; path = ProductListViewController.swift; sourceTree = "<group>"; };
		E3AE236625859349007A9558 /* CartViewController.swift */ = {isa = PBXFileReference; lastKnownFileType = sourcecode.swift; path = CartViewController.swift; sourceTree = "<group>"; };
		E3AE239125864625007A9558 /* BasePresenter.swift */ = {isa = PBXFileReference; lastKnownFileType = sourcecode.swift; path = BasePresenter.swift; sourceTree = "<group>"; };
		E3AE23AD25865830007A9558 /* ProductListCollectionViewCell.swift */ = {isa = PBXFileReference; lastKnownFileType = sourcecode.swift; path = ProductListCollectionViewCell.swift; sourceTree = "<group>"; };
		E3AE23AE25865830007A9558 /* ProductListCollectionViewCell.xib */ = {isa = PBXFileReference; lastKnownFileType = file.xib; path = ProductListCollectionViewCell.xib; sourceTree = "<group>"; };
		E3AE23C225866418007A9558 /* CartTableViewCell.swift */ = {isa = PBXFileReference; lastKnownFileType = sourcecode.swift; path = CartTableViewCell.swift; sourceTree = "<group>"; };
		E3AE23C325866418007A9558 /* CartTableViewCell.xib */ = {isa = PBXFileReference; lastKnownFileType = file.xib; path = CartTableViewCell.xib; sourceTree = "<group>"; };
		E3D4FBA1258525450029E659 /* Mini Grocery.app */ = {isa = PBXFileReference; explicitFileType = wrapper.application; includeInIndex = 0; path = "Mini Grocery.app"; sourceTree = BUILT_PRODUCTS_DIR; };
		E3D4FBA4258525450029E659 /* AppDelegate.swift */ = {isa = PBXFileReference; lastKnownFileType = sourcecode.swift; path = AppDelegate.swift; sourceTree = "<group>"; };
		E3D4FBAB258525450029E659 /* Base */ = {isa = PBXFileReference; lastKnownFileType = file.storyboard; name = Base; path = Base.lproj/Main.storyboard; sourceTree = "<group>"; };
		E3D4FBAD258525470029E659 /* Assets.xcassets */ = {isa = PBXFileReference; lastKnownFileType = folder.assetcatalog; path = Assets.xcassets; sourceTree = "<group>"; };
		E3D4FBB0258525470029E659 /* Base */ = {isa = PBXFileReference; lastKnownFileType = file.storyboard; name = Base; path = Base.lproj/LaunchScreen.storyboard; sourceTree = "<group>"; };
		E3D4FBB2258525470029E659 /* Info.plist */ = {isa = PBXFileReference; lastKnownFileType = text.plist.xml; path = Info.plist; sourceTree = "<group>"; };
		E3D4FBB7258525470029E659 /* Mini GroceryTests.xctest */ = {isa = PBXFileReference; explicitFileType = wrapper.cfbundle; includeInIndex = 0; path = "Mini GroceryTests.xctest"; sourceTree = BUILT_PRODUCTS_DIR; };
		E3D4FBBB258525470029E659 /* Mini_GroceryTests.swift */ = {isa = PBXFileReference; lastKnownFileType = sourcecode.swift; path = Mini_GroceryTests.swift; sourceTree = "<group>"; };
		E3D4FBBD258525470029E659 /* Info.plist */ = {isa = PBXFileReference; lastKnownFileType = text.plist.xml; path = Info.plist; sourceTree = "<group>"; };
		E3D4FBC2258525470029E659 /* Mini GroceryUITests.xctest */ = {isa = PBXFileReference; explicitFileType = wrapper.cfbundle; includeInIndex = 0; path = "Mini GroceryUITests.xctest"; sourceTree = BUILT_PRODUCTS_DIR; };
		E3D4FBC6258525470029E659 /* Mini_GroceryUITests.swift */ = {isa = PBXFileReference; lastKnownFileType = sourcecode.swift; path = Mini_GroceryUITests.swift; sourceTree = "<group>"; };
		E3D4FBC8258525470029E659 /* Info.plist */ = {isa = PBXFileReference; lastKnownFileType = text.plist.xml; path = Info.plist; sourceTree = "<group>"; };
		E3DAB07D258535AA00465FE3 /* APIManager.swift */ = {isa = PBXFileReference; lastKnownFileType = sourcecode.swift; path = APIManager.swift; sourceTree = "<group>"; };
		E3DAB082258535CA00465FE3 /* HttpLink.swift */ = {isa = PBXFileReference; lastKnownFileType = sourcecode.swift; path = HttpLink.swift; sourceTree = "<group>"; };
		E3DAB087258535F400465FE3 /* HTTPMethod.swift */ = {isa = PBXFileReference; lastKnownFileType = sourcecode.swift; path = HTTPMethod.swift; sourceTree = "<group>"; };
		E3DAB0912585362400465FE3 /* Response.swift */ = {isa = PBXFileReference; lastKnownFileType = sourcecode.swift; path = Response.swift; sourceTree = "<group>"; };
		EB210BD86B10179551C3A21E /* Pods-Mini Grocery-Mini GroceryUITests.debug.xcconfig */ = {isa = PBXFileReference; includeInIndex = 1; lastKnownFileType = text.xcconfig; name = "Pods-Mini Grocery-Mini GroceryUITests.debug.xcconfig"; path = "Target Support Files/Pods-Mini Grocery-Mini GroceryUITests/Pods-Mini Grocery-Mini GroceryUITests.debug.xcconfig"; sourceTree = "<group>"; };
/* End PBXFileReference section */

/* Begin PBXFrameworksBuildPhase section */
		E3D4FB9E258525450029E659 /* Frameworks */ = {
			isa = PBXFrameworksBuildPhase;
			buildActionMask = 2147483647;
			files = (
				C11F926D8C51A40193B138DE /* Pods_Mini_Grocery.framework in Frameworks */,
			);
			runOnlyForDeploymentPostprocessing = 0;
		};
		E3D4FBB4258525470029E659 /* Frameworks */ = {
			isa = PBXFrameworksBuildPhase;
			buildActionMask = 2147483647;
			files = (
				EC57660D35223A4BC2C148A4 /* Pods_Mini_GroceryTests.framework in Frameworks */,
			);
			runOnlyForDeploymentPostprocessing = 0;
		};
		E3D4FBBF258525470029E659 /* Frameworks */ = {
			isa = PBXFrameworksBuildPhase;
			buildActionMask = 2147483647;
			files = (
				A007775BA4933FDB6E04E920 /* Pods_Mini_Grocery_Mini_GroceryUITests.framework in Frameworks */,
			);
			runOnlyForDeploymentPostprocessing = 0;
		};
/* End PBXFrameworksBuildPhase section */

/* Begin PBXGroup section */
		13AAB76939DCA90BD954C59F /* Pods */ = {
			isa = PBXGroup;
			children = (
				9534111E232E85710D2D4DDD /* Pods-Mini Grocery.debug.xcconfig */,
				5EA7CEBBEF72ED681A01F899 /* Pods-Mini Grocery.release.xcconfig */,
				EB210BD86B10179551C3A21E /* Pods-Mini Grocery-Mini GroceryUITests.debug.xcconfig */,
				53ED510833EEE8BB3EF45EF7 /* Pods-Mini Grocery-Mini GroceryUITests.release.xcconfig */,
				41D9412914F88698FA38A904 /* Pods-Mini GroceryTests.debug.xcconfig */,
				5614202D709A85BA8955BD0E /* Pods-Mini GroceryTests.release.xcconfig */,
			);
			path = Pods;
			sourceTree = "<group>";
		};
		A5ACDB7C5F3D233C71C251FA /* Frameworks */ = {
			isa = PBXGroup;
			children = (
				C79C7E2D450EBD001A779E93 /* Pods_Mini_Grocery.framework */,
				2123883BF32644A0050B9BE8 /* Pods_Mini_Grocery_Mini_GroceryUITests.framework */,
				42C6C65A998D885360D705C9 /* Pods_Mini_GroceryTests.framework */,
			);
			name = Frameworks;
			sourceTree = "<group>";
		};
		E3AE22D825853D7C007A9558 /* Models */ = {
			isa = PBXGroup;
			children = (
				E3AE22D925853D8A007A9558 /* Product.swift */,
				E3AE22E9258544BD007A9558 /* Checkout.swift */,
			);
			path = Models;
			sourceTree = "<group>";
		};
		E3AE230825857B91007A9558 /* ApiConnection */ = {
			isa = PBXGroup;
			children = (
				E3DAB07D258535AA00465FE3 /* APIManager.swift */,
				E3DAB082258535CA00465FE3 /* HttpLink.swift */,
				E3DAB087258535F400465FE3 /* HTTPMethod.swift */,
				E3DAB0912585362400465FE3 /* Response.swift */,
			);
			path = ApiConnection;
			sourceTree = "<group>";
		};
		E3AE23552585911B007A9558 /* Presenters */ = {
			isa = PBXGroup;
			children = (
				E3AE235725859167007A9558 /* ProductListPresenter.swift */,
				E3AE235C25859182007A9558 /* CartPresenter.swift */,
				E3AE239125864625007A9558 /* BasePresenter.swift */,
			);
			path = Presenters;
			sourceTree = "<group>";
		};
		E3AE235625859123007A9558 /* Views */ = {
			isa = PBXGroup;
			children = (
				E3AE236125859334007A9558 /* ProductListViewController.swift */,
				E3AE236625859349007A9558 /* CartViewController.swift */,
				E3AE23A4258657D0007A9558 /* Cells */,
			);
			path = Views;
			sourceTree = "<group>";
		};
		E3AE238325864415007A9558 /* StoryBoards */ = {
			isa = PBXGroup;
			children = (
				E3D4FBAA258525450029E659 /* Main.storyboard */,
				E3D4FBAF258525470029E659 /* LaunchScreen.storyboard */,
			);
			path = StoryBoards;
			sourceTree = "<group>";
		};
		E3AE23842586442E007A9558 /* Utils */ = {
			isa = PBXGroup;
			children = (
				E3D4FBAD258525470029E659 /* Assets.xcassets */,
				E3D4FBB2258525470029E659 /* Info.plist */,
			);
			path = Utils;
			sourceTree = "<group>";
		};
		E3AE23A4258657D0007A9558 /* Cells */ = {
			isa = PBXGroup;
			children = (
				E3AE23AD25865830007A9558 /* ProductListCollectionViewCell.swift */,
				E3AE23AE25865830007A9558 /* ProductListCollectionViewCell.xib */,
				E3AE23C225866418007A9558 /* CartTableViewCell.swift */,
				E3AE23C325866418007A9558 /* CartTableViewCell.xib */,
			);
			path = Cells;
			sourceTree = "<group>";
		};
		E3D4FB98258525450029E659 = {
			isa = PBXGroup;
			children = (
				E3D4FBA3258525450029E659 /* Mini Grocery */,
				E3D4FBBA258525470029E659 /* Mini GroceryTests */,
				E3D4FBC5258525470029E659 /* Mini GroceryUITests */,
				E3D4FBA2258525450029E659 /* Products */,
				13AAB76939DCA90BD954C59F /* Pods */,
				A5ACDB7C5F3D233C71C251FA /* Frameworks */,
			);
			sourceTree = "<group>";
		};
		E3D4FBA2258525450029E659 /* Products */ = {
			isa = PBXGroup;
			children = (
				E3D4FBA1258525450029E659 /* Mini Grocery.app */,
				E3D4FBB7258525470029E659 /* Mini GroceryTests.xctest */,
				E3D4FBC2258525470029E659 /* Mini GroceryUITests.xctest */,
			);
			name = Products;
			sourceTree = "<group>";
		};
		E3D4FBA3258525450029E659 /* Mini Grocery */ = {
			isa = PBXGroup;
			children = (
				E3D4FBA4258525450029E659 /* AppDelegate.swift */,
				E3AE235625859123007A9558 /* Views */,
				E3AE23552585911B007A9558 /* Presenters */,
				E3AE22D825853D7C007A9558 /* Models */,
				E3DAB0792585359100465FE3 /* API */,
				E3AE238325864415007A9558 /* StoryBoards */,
				E3AE23842586442E007A9558 /* Utils */,
			);
			path = "Mini Grocery";
			sourceTree = "<group>";
		};
		E3D4FBBA258525470029E659 /* Mini GroceryTests */ = {
			isa = PBXGroup;
			children = (
				E3D4FBBB258525470029E659 /* Mini_GroceryTests.swift */,
				E3D4FBBD258525470029E659 /* Info.plist */,
			);
			path = "Mini GroceryTests";
			sourceTree = "<group>";
		};
		E3D4FBC5258525470029E659 /* Mini GroceryUITests */ = {
			isa = PBXGroup;
			children = (
				E3D4FBC6258525470029E659 /* Mini_GroceryUITests.swift */,
				E3D4FBC8258525470029E659 /* Info.plist */,
			);
			path = "Mini GroceryUITests";
			sourceTree = "<group>";
		};
		E3DAB0792585359100465FE3 /* API */ = {
			isa = PBXGroup;
			children = (
				E3AE233C2585859C007A9558 /* ProductListService.swift */,
				E3AE2341258585A7007A9558 /* CartService.swift */,
				E3AE230825857B91007A9558 /* ApiConnection */,
			);
			path = API;
			sourceTree = "<group>";
		};
/* End PBXGroup section */

/* Begin PBXNativeTarget section */
		E3D4FBA0258525450029E659 /* Mini Grocery */ = {
			isa = PBXNativeTarget;
			buildConfigurationList = E3D4FBCB258525470029E659 /* Build configuration list for PBXNativeTarget "Mini Grocery" */;
			buildPhases = (
				B3A8057C2AFB40536E73CBE7 /* [CP] Check Pods Manifest.lock */,
				E3D4FB9D258525450029E659 /* Sources */,
				E3D4FB9E258525450029E659 /* Frameworks */,
				E3D4FB9F258525450029E659 /* Resources */,
				3C6508132C5D0FF60A2AC7E0 /* [CP] Embed Pods Frameworks */,
			);
			buildRules = (
			);
			dependencies = (
			);
			name = "Mini Grocery";
			productName = "Mini Grocery";
			productReference = E3D4FBA1258525450029E659 /* Mini Grocery.app */;
			productType = "com.apple.product-type.application";
		};
		E3D4FBB6258525470029E659 /* Mini GroceryTests */ = {
			isa = PBXNativeTarget;
			buildConfigurationList = E3D4FBCE258525470029E659 /* Build configuration list for PBXNativeTarget "Mini GroceryTests" */;
			buildPhases = (
				95EE3C205DC61B08C1D67D48 /* [CP] Check Pods Manifest.lock */,
				E3D4FBB3258525470029E659 /* Sources */,
				E3D4FBB4258525470029E659 /* Frameworks */,
				E3D4FBB5258525470029E659 /* Resources */,
			);
			buildRules = (
			);
			dependencies = (
				E3D4FBB9258525470029E659 /* PBXTargetDependency */,
			);
			name = "Mini GroceryTests";
			productName = "Mini GroceryTests";
			productReference = E3D4FBB7258525470029E659 /* Mini GroceryTests.xctest */;
			productType = "com.apple.product-type.bundle.unit-test";
		};
		E3D4FBC1258525470029E659 /* Mini GroceryUITests */ = {
			isa = PBXNativeTarget;
			buildConfigurationList = E3D4FBD1258525470029E659 /* Build configuration list for PBXNativeTarget "Mini GroceryUITests" */;
			buildPhases = (
				CF643AE0FAFEF5A053C0A8E6 /* [CP] Check Pods Manifest.lock */,
				E3D4FBBE258525470029E659 /* Sources */,
				E3D4FBBF258525470029E659 /* Frameworks */,
				E3D4FBC0258525470029E659 /* Resources */,
				0887A7704CEDAEEC51DD97EA /* [CP] Embed Pods Frameworks */,
			);
			buildRules = (
			);
			dependencies = (
				E3D4FBC4258525470029E659 /* PBXTargetDependency */,
			);
			name = "Mini GroceryUITests";
			productName = "Mini GroceryUITests";
			productReference = E3D4FBC2258525470029E659 /* Mini GroceryUITests.xctest */;
			productType = "com.apple.product-type.bundle.ui-testing";
		};
/* End PBXNativeTarget section */

/* Begin PBXProject section */
		E3D4FB99258525450029E659 /* Project object */ = {
			isa = PBXProject;
			attributes = {
				LastSwiftUpdateCheck = 1210;
				LastUpgradeCheck = 1210;
				TargetAttributes = {
					E3D4FBA0258525450029E659 = {
						CreatedOnToolsVersion = 12.1;
					};
					E3D4FBB6258525470029E659 = {
						CreatedOnToolsVersion = 12.1;
						TestTargetID = E3D4FBA0258525450029E659;
					};
					E3D4FBC1258525470029E659 = {
						CreatedOnToolsVersion = 12.1;
						TestTargetID = E3D4FBA0258525450029E659;
					};
				};
			};
			buildConfigurationList = E3D4FB9C258525450029E659 /* Build configuration list for PBXProject "Mini Grocery" */;
			compatibilityVersion = "Xcode 9.3";
			developmentRegion = en;
			hasScannedForEncodings = 0;
			knownRegions = (
				en,
				Base,
			);
			mainGroup = E3D4FB98258525450029E659;
			productRefGroup = E3D4FBA2258525450029E659 /* Products */;
			projectDirPath = "";
			projectRoot = "";
			targets = (
				E3D4FBA0258525450029E659 /* Mini Grocery */,
				E3D4FBB6258525470029E659 /* Mini GroceryTests */,
				E3D4FBC1258525470029E659 /* Mini GroceryUITests */,
			);
		};
/* End PBXProject section */

/* Begin PBXResourcesBuildPhase section */
		E3D4FB9F258525450029E659 /* Resources */ = {
			isa = PBXResourcesBuildPhase;
			buildActionMask = 2147483647;
			files = (
				E3D4FBB1258525470029E659 /* LaunchScreen.storyboard in Resources */,
				E3D4FBAE258525470029E659 /* Assets.xcassets in Resources */,
				E3AE23B025865830007A9558 /* ProductListCollectionViewCell.xib in Resources */,
				E3D4FBAC258525450029E659 /* Main.storyboard in Resources */,
				E3AE23C525866418007A9558 /* CartTableViewCell.xib in Resources */,
			);
			runOnlyForDeploymentPostprocessing = 0;
		};
		E3D4FBB5258525470029E659 /* Resources */ = {
			isa = PBXResourcesBuildPhase;
			buildActionMask = 2147483647;
			files = (
			);
			runOnlyForDeploymentPostprocessing = 0;
		};
		E3D4FBC0258525470029E659 /* Resources */ = {
			isa = PBXResourcesBuildPhase;
			buildActionMask = 2147483647;
			files = (
			);
			runOnlyForDeploymentPostprocessing = 0;
		};
/* End PBXResourcesBuildPhase section */

/* Begin PBXShellScriptBuildPhase section */
		0887A7704CEDAEEC51DD97EA /* [CP] Embed Pods Frameworks */ = {
			isa = PBXShellScriptBuildPhase;
			buildActionMask = 2147483647;
			files = (
			);
			inputFileListPaths = (
				"${PODS_ROOT}/Target Support Files/Pods-Mini Grocery-Mini GroceryUITests/Pods-Mini Grocery-Mini GroceryUITests-frameworks-${CONFIGURATION}-input-files.xcfilelist",
			);
			name = "[CP] Embed Pods Frameworks";
			outputFileListPaths = (
				"${PODS_ROOT}/Target Support Files/Pods-Mini Grocery-Mini GroceryUITests/Pods-Mini Grocery-Mini GroceryUITests-frameworks-${CONFIGURATION}-output-files.xcfilelist",
			);
			runOnlyForDeploymentPostprocessing = 0;
			shellPath = /bin/sh;
			shellScript = "\"${PODS_ROOT}/Target Support Files/Pods-Mini Grocery-Mini GroceryUITests/Pods-Mini Grocery-Mini GroceryUITests-frameworks.sh\"\n";
			showEnvVarsInLog = 0;
		};
		3C6508132C5D0FF60A2AC7E0 /* [CP] Embed Pods Frameworks */ = {
			isa = PBXShellScriptBuildPhase;
			buildActionMask = 2147483647;
			files = (
			);
			inputFileListPaths = (
				"${PODS_ROOT}/Target Support Files/Pods-Mini Grocery/Pods-Mini Grocery-frameworks-${CONFIGURATION}-input-files.xcfilelist",
			);
			name = "[CP] Embed Pods Frameworks";
			outputFileListPaths = (
				"${PODS_ROOT}/Target Support Files/Pods-Mini Grocery/Pods-Mini Grocery-frameworks-${CONFIGURATION}-output-files.xcfilelist",
			);
			runOnlyForDeploymentPostprocessing = 0;
			shellPath = /bin/sh;
			shellScript = "\"${PODS_ROOT}/Target Support Files/Pods-Mini Grocery/Pods-Mini Grocery-frameworks.sh\"\n";
			showEnvVarsInLog = 0;
		};
		95EE3C205DC61B08C1D67D48 /* [CP] Check Pods Manifest.lock */ = {
			isa = PBXShellScriptBuildPhase;
			buildActionMask = 2147483647;
			files = (
			);
			inputFileListPaths = (
			);
			inputPaths = (
				"${PODS_PODFILE_DIR_PATH}/Podfile.lock",
				"${PODS_ROOT}/Manifest.lock",
			);
			name = "[CP] Check Pods Manifest.lock";
			outputFileListPaths = (
			);
			outputPaths = (
				"$(DERIVED_FILE_DIR)/Pods-Mini GroceryTests-checkManifestLockResult.txt",
			);
			runOnlyForDeploymentPostprocessing = 0;
			shellPath = /bin/sh;
			shellScript = "diff \"${PODS_PODFILE_DIR_PATH}/Podfile.lock\" \"${PODS_ROOT}/Manifest.lock\" > /dev/null\nif [ $? != 0 ] ; then\n    # print error to STDERR\n    echo \"error: The sandbox is not in sync with the Podfile.lock. Run 'pod install' or update your CocoaPods installation.\" >&2\n    exit 1\nfi\n# This output is used by Xcode 'outputs' to avoid re-running this script phase.\necho \"SUCCESS\" > \"${SCRIPT_OUTPUT_FILE_0}\"\n";
			showEnvVarsInLog = 0;
		};
		B3A8057C2AFB40536E73CBE7 /* [CP] Check Pods Manifest.lock */ = {
			isa = PBXShellScriptBuildPhase;
			buildActionMask = 2147483647;
			files = (
			);
			inputFileListPaths = (
			);
			inputPaths = (
				"${PODS_PODFILE_DIR_PATH}/Podfile.lock",
				"${PODS_ROOT}/Manifest.lock",
			);
			name = "[CP] Check Pods Manifest.lock";
			outputFileListPaths = (
			);
			outputPaths = (
				"$(DERIVED_FILE_DIR)/Pods-Mini Grocery-checkManifestLockResult.txt",
			);
			runOnlyForDeploymentPostprocessing = 0;
			shellPath = /bin/sh;
			shellScript = "diff \"${PODS_PODFILE_DIR_PATH}/Podfile.lock\" \"${PODS_ROOT}/Manifest.lock\" > /dev/null\nif [ $? != 0 ] ; then\n    # print error to STDERR\n    echo \"error: The sandbox is not in sync with the Podfile.lock. Run 'pod install' or update your CocoaPods installation.\" >&2\n    exit 1\nfi\n# This output is used by Xcode 'outputs' to avoid re-running this script phase.\necho \"SUCCESS\" > \"${SCRIPT_OUTPUT_FILE_0}\"\n";
			showEnvVarsInLog = 0;
		};
		CF643AE0FAFEF5A053C0A8E6 /* [CP] Check Pods Manifest.lock */ = {
			isa = PBXShellScriptBuildPhase;
			buildActionMask = 2147483647;
			files = (
			);
			inputFileListPaths = (
			);
			inputPaths = (
				"${PODS_PODFILE_DIR_PATH}/Podfile.lock",
				"${PODS_ROOT}/Manifest.lock",
			);
			name = "[CP] Check Pods Manifest.lock";
			outputFileListPaths = (
			);
			outputPaths = (
				"$(DERIVED_FILE_DIR)/Pods-Mini Grocery-Mini GroceryUITests-checkManifestLockResult.txt",
			);
			runOnlyForDeploymentPostprocessing = 0;
			shellPath = /bin/sh;
			shellScript = "diff \"${PODS_PODFILE_DIR_PATH}/Podfile.lock\" \"${PODS_ROOT}/Manifest.lock\" > /dev/null\nif [ $? != 0 ] ; then\n    # print error to STDERR\n    echo \"error: The sandbox is not in sync with the Podfile.lock. Run 'pod install' or update your CocoaPods installation.\" >&2\n    exit 1\nfi\n# This output is used by Xcode 'outputs' to avoid re-running this script phase.\necho \"SUCCESS\" > \"${SCRIPT_OUTPUT_FILE_0}\"\n";
			showEnvVarsInLog = 0;
		};
/* End PBXShellScriptBuildPhase section */

/* Begin PBXSourcesBuildPhase section */
		E3D4FB9D258525450029E659 /* Sources */ = {
			isa = PBXSourcesBuildPhase;
			buildActionMask = 2147483647;
			files = (
				E3AE2342258585A7007A9558 /* CartService.swift in Sources */,
				E3AE239225864625007A9558 /* BasePresenter.swift in Sources */,
				E3AE23C425866418007A9558 /* CartTableViewCell.swift in Sources */,
				E3AE236225859334007A9558 /* ProductListViewController.swift in Sources */,
				E3AE22DA25853D8A007A9558 /* Product.swift in Sources */,
				E3DAB07E258535AA00465FE3 /* APIManager.swift in Sources */,
				E3AE235D25859182007A9558 /* CartPresenter.swift in Sources */,
				E3D4FBA5258525450029E659 /* AppDelegate.swift in Sources */,
				E3AE23AF25865830007A9558 /* ProductListCollectionViewCell.swift in Sources */,
				E3AE236725859349007A9558 /* CartViewController.swift in Sources */,
				E3DAB088258535F400465FE3 /* HTTPMethod.swift in Sources */,
				E3DAB083258535CA00465FE3 /* HttpLink.swift in Sources */,
				E3AE22EA258544BD007A9558 /* Checkout.swift in Sources */,
				E3DAB0922585362400465FE3 /* Response.swift in Sources */,
				E3AE235825859167007A9558 /* ProductListPresenter.swift in Sources */,
				E3AE233D2585859C007A9558 /* ProductListService.swift in Sources */,
			);
			runOnlyForDeploymentPostprocessing = 0;
		};
		E3D4FBB3258525470029E659 /* Sources */ = {
			isa = PBXSourcesBuildPhase;
			buildActionMask = 2147483647;
			files = (
				E3D4FBBC258525470029E659 /* Mini_GroceryTests.swift in Sources */,
			);
			runOnlyForDeploymentPostprocessing = 0;
		};
		E3D4FBBE258525470029E659 /* Sources */ = {
			isa = PBXSourcesBuildPhase;
			buildActionMask = 2147483647;
			files = (
				E3D4FBC7258525470029E659 /* Mini_GroceryUITests.swift in Sources */,
			);
			runOnlyForDeploymentPostprocessing = 0;
		};
/* End PBXSourcesBuildPhase section */

/* Begin PBXTargetDependency section */
		E3D4FBB9258525470029E659 /* PBXTargetDependency */ = {
			isa = PBXTargetDependency;
			target = E3D4FBA0258525450029E659 /* Mini Grocery */;
			targetProxy = E3D4FBB8258525470029E659 /* PBXContainerItemProxy */;
		};
		E3D4FBC4258525470029E659 /* PBXTargetDependency */ = {
			isa = PBXTargetDependency;
			target = E3D4FBA0258525450029E659 /* Mini Grocery */;
			targetProxy = E3D4FBC3258525470029E659 /* PBXContainerItemProxy */;
		};
/* End PBXTargetDependency section */

/* Begin PBXVariantGroup section */
		E3D4FBAA258525450029E659 /* Main.storyboard */ = {
			isa = PBXVariantGroup;
			children = (
				E3D4FBAB258525450029E659 /* Base */,
			);
			name = Main.storyboard;
			sourceTree = "<group>";
		};
		E3D4FBAF258525470029E659 /* LaunchScreen.storyboard */ = {
			isa = PBXVariantGroup;
			children = (
				E3D4FBB0258525470029E659 /* Base */,
			);
			name = LaunchScreen.storyboard;
			sourceTree = "<group>";
		};
/* End PBXVariantGroup section */

/* Begin XCBuildConfiguration section */
		E3D4FBC9258525470029E659 /* Debug */ = {
			isa = XCBuildConfiguration;
			buildSettings = {
				ALWAYS_SEARCH_USER_PATHS = NO;
				CLANG_ANALYZER_NONNULL = YES;
				CLANG_ANALYZER_NUMBER_OBJECT_CONVERSION = YES_AGGRESSIVE;
				CLANG_CXX_LANGUAGE_STANDARD = "gnu++14";
				CLANG_CXX_LIBRARY = "libc++";
				CLANG_ENABLE_MODULES = YES;
				CLANG_ENABLE_OBJC_ARC = YES;
				CLANG_ENABLE_OBJC_WEAK = YES;
				CLANG_WARN_BLOCK_CAPTURE_AUTORELEASING = YES;
				CLANG_WARN_BOOL_CONVERSION = YES;
				CLANG_WARN_COMMA = YES;
				CLANG_WARN_CONSTANT_CONVERSION = YES;
				CLANG_WARN_DEPRECATED_OBJC_IMPLEMENTATIONS = YES;
				CLANG_WARN_DIRECT_OBJC_ISA_USAGE = YES_ERROR;
				CLANG_WARN_DOCUMENTATION_COMMENTS = YES;
				CLANG_WARN_EMPTY_BODY = YES;
				CLANG_WARN_ENUM_CONVERSION = YES;
				CLANG_WARN_INFINITE_RECURSION = YES;
				CLANG_WARN_INT_CONVERSION = YES;
				CLANG_WARN_NON_LITERAL_NULL_CONVERSION = YES;
				CLANG_WARN_OBJC_IMPLICIT_RETAIN_SELF = YES;
				CLANG_WARN_OBJC_LITERAL_CONVERSION = YES;
				CLANG_WARN_OBJC_ROOT_CLASS = YES_ERROR;
				CLANG_WARN_QUOTED_INCLUDE_IN_FRAMEWORK_HEADER = YES;
				CLANG_WARN_RANGE_LOOP_ANALYSIS = YES;
				CLANG_WARN_STRICT_PROTOTYPES = YES;
				CLANG_WARN_SUSPICIOUS_MOVE = YES;
				CLANG_WARN_UNGUARDED_AVAILABILITY = YES_AGGRESSIVE;
				CLANG_WARN_UNREACHABLE_CODE = YES;
				CLANG_WARN__DUPLICATE_METHOD_MATCH = YES;
				COPY_PHASE_STRIP = NO;
				DEBUG_INFORMATION_FORMAT = dwarf;
				ENABLE_STRICT_OBJC_MSGSEND = YES;
				ENABLE_TESTABILITY = YES;
				GCC_C_LANGUAGE_STANDARD = gnu11;
				GCC_DYNAMIC_NO_PIC = NO;
				GCC_NO_COMMON_BLOCKS = YES;
				GCC_OPTIMIZATION_LEVEL = 0;
				GCC_PREPROCESSOR_DEFINITIONS = (
					"DEBUG=1",
					"$(inherited)",
				);
				GCC_WARN_64_TO_32_BIT_CONVERSION = YES;
				GCC_WARN_ABOUT_RETURN_TYPE = YES_ERROR;
				GCC_WARN_UNDECLARED_SELECTOR = YES;
				GCC_WARN_UNINITIALIZED_AUTOS = YES_AGGRESSIVE;
				GCC_WARN_UNUSED_FUNCTION = YES;
				GCC_WARN_UNUSED_VARIABLE = YES;
				IPHONEOS_DEPLOYMENT_TARGET = 14.1;
				MTL_ENABLE_DEBUG_INFO = INCLUDE_SOURCE;
				MTL_FAST_MATH = YES;
				ONLY_ACTIVE_ARCH = YES;
				SDKROOT = iphoneos;
				SWIFT_ACTIVE_COMPILATION_CONDITIONS = DEBUG;
				SWIFT_OPTIMIZATION_LEVEL = "-Onone";
			};
			name = Debug;
		};
		E3D4FBCA258525470029E659 /* Release */ = {
			isa = XCBuildConfiguration;
			buildSettings = {
				ALWAYS_SEARCH_USER_PATHS = NO;
				CLANG_ANALYZER_NONNULL = YES;
				CLANG_ANALYZER_NUMBER_OBJECT_CONVERSION = YES_AGGRESSIVE;
				CLANG_CXX_LANGUAGE_STANDARD = "gnu++14";
				CLANG_CXX_LIBRARY = "libc++";
				CLANG_ENABLE_MODULES = YES;
				CLANG_ENABLE_OBJC_ARC = YES;
				CLANG_ENABLE_OBJC_WEAK = YES;
				CLANG_WARN_BLOCK_CAPTURE_AUTORELEASING = YES;
				CLANG_WARN_BOOL_CONVERSION = YES;
				CLANG_WARN_COMMA = YES;
				CLANG_WARN_CONSTANT_CONVERSION = YES;
				CLANG_WARN_DEPRECATED_OBJC_IMPLEMENTATIONS = YES;
				CLANG_WARN_DIRECT_OBJC_ISA_USAGE = YES_ERROR;
				CLANG_WARN_DOCUMENTATION_COMMENTS = YES;
				CLANG_WARN_EMPTY_BODY = YES;
				CLANG_WARN_ENUM_CONVERSION = YES;
				CLANG_WARN_INFINITE_RECURSION = YES;
				CLANG_WARN_INT_CONVERSION = YES;
				CLANG_WARN_NON_LITERAL_NULL_CONVERSION = YES;
				CLANG_WARN_OBJC_IMPLICIT_RETAIN_SELF = YES;
				CLANG_WARN_OBJC_LITERAL_CONVERSION = YES;
				CLANG_WARN_OBJC_ROOT_CLASS = YES_ERROR;
				CLANG_WARN_QUOTED_INCLUDE_IN_FRAMEWORK_HEADER = YES;
				CLANG_WARN_RANGE_LOOP_ANALYSIS = YES;
				CLANG_WARN_STRICT_PROTOTYPES = YES;
				CLANG_WARN_SUSPICIOUS_MOVE = YES;
				CLANG_WARN_UNGUARDED_AVAILABILITY = YES_AGGRESSIVE;
				CLANG_WARN_UNREACHABLE_CODE = YES;
				CLANG_WARN__DUPLICATE_METHOD_MATCH = YES;
				COPY_PHASE_STRIP = NO;
				DEBUG_INFORMATION_FORMAT = "dwarf-with-dsym";
				ENABLE_NS_ASSERTIONS = NO;
				ENABLE_STRICT_OBJC_MSGSEND = YES;
				GCC_C_LANGUAGE_STANDARD = gnu11;
				GCC_NO_COMMON_BLOCKS = YES;
				GCC_WARN_64_TO_32_BIT_CONVERSION = YES;
				GCC_WARN_ABOUT_RETURN_TYPE = YES_ERROR;
				GCC_WARN_UNDECLARED_SELECTOR = YES;
				GCC_WARN_UNINITIALIZED_AUTOS = YES_AGGRESSIVE;
				GCC_WARN_UNUSED_FUNCTION = YES;
				GCC_WARN_UNUSED_VARIABLE = YES;
				IPHONEOS_DEPLOYMENT_TARGET = 14.1;
				MTL_ENABLE_DEBUG_INFO = NO;
				MTL_FAST_MATH = YES;
				SDKROOT = iphoneos;
				SWIFT_COMPILATION_MODE = wholemodule;
				SWIFT_OPTIMIZATION_LEVEL = "-O";
				VALIDATE_PRODUCT = YES;
			};
			name = Release;
		};
		E3D4FBCC258525470029E659 /* Debug */ = {
			isa = XCBuildConfiguration;
			baseConfigurationReference = 9534111E232E85710D2D4DDD /* Pods-Mini Grocery.debug.xcconfig */;
			buildSettings = {
				ASSETCATALOG_COMPILER_APPICON_NAME = AppIcon;
				ASSETCATALOG_COMPILER_GLOBAL_ACCENT_COLOR_NAME = AccentColor;
				CODE_SIGN_STYLE = Automatic;
				DEVELOPMENT_TEAM = LLN3SQU5HY;
				INFOPLIST_FILE = "Mini Grocery/Utils/Info.plist";
				LD_RUNPATH_SEARCH_PATHS = (
					"$(inherited)",
					"@executable_path/Frameworks",
				);
				PRODUCT_BUNDLE_IDENTIFIER = "case.Mini-Grocery";
				PRODUCT_NAME = "$(TARGET_NAME)";
				SWIFT_VERSION = 5.0;
				TARGETED_DEVICE_FAMILY = "1,2";
			};
			name = Debug;
		};
		E3D4FBCD258525470029E659 /* Release */ = {
			isa = XCBuildConfiguration;
			baseConfigurationReference = 5EA7CEBBEF72ED681A01F899 /* Pods-Mini Grocery.release.xcconfig */;
			buildSettings = {
				ASSETCATALOG_COMPILER_APPICON_NAME = AppIcon;
				ASSETCATALOG_COMPILER_GLOBAL_ACCENT_COLOR_NAME = AccentColor;
				CODE_SIGN_STYLE = Automatic;
				DEVELOPMENT_TEAM = LLN3SQU5HY;
				INFOPLIST_FILE = "Mini Grocery/Utils/Info.plist";
				LD_RUNPATH_SEARCH_PATHS = (
					"$(inherited)",
					"@executable_path/Frameworks",
				);
				PRODUCT_BUNDLE_IDENTIFIER = "case.Mini-Grocery";
				PRODUCT_NAME = "$(TARGET_NAME)";
				SWIFT_VERSION = 5.0;
				TARGETED_DEVICE_FAMILY = "1,2";
			};
			name = Release;
		};
		E3D4FBCF258525470029E659 /* Debug */ = {
			isa = XCBuildConfiguration;
			baseConfigurationReference = 41D9412914F88698FA38A904 /* Pods-Mini GroceryTests.debug.xcconfig */;
			buildSettings = {
				ALWAYS_EMBED_SWIFT_STANDARD_LIBRARIES = YES;
				BUNDLE_LOADER = "$(TEST_HOST)";
				CODE_SIGN_STYLE = Automatic;
				DEVELOPMENT_TEAM = LLN3SQU5HY;
				INFOPLIST_FILE = "Mini GroceryTests/Info.plist";
				IPHONEOS_DEPLOYMENT_TARGET = 14.1;
				LD_RUNPATH_SEARCH_PATHS = (
					"$(inherited)",
					"@executable_path/Frameworks",
					"@loader_path/Frameworks",
				);
				PRODUCT_BUNDLE_IDENTIFIER = "case.Mini-GroceryTests";
				PRODUCT_NAME = "$(TARGET_NAME)";
				SWIFT_VERSION = 5.0;
				TARGETED_DEVICE_FAMILY = "1,2";
				TEST_HOST = "$(BUILT_PRODUCTS_DIR)/Mini Grocery.app/Mini Grocery";
			};
			name = Debug;
		};
		E3D4FBD0258525470029E659 /* Release */ = {
			isa = XCBuildConfiguration;
			baseConfigurationReference = 5614202D709A85BA8955BD0E /* Pods-Mini GroceryTests.release.xcconfig */;
			buildSettings = {
				ALWAYS_EMBED_SWIFT_STANDARD_LIBRARIES = YES;
				BUNDLE_LOADER = "$(TEST_HOST)";
				CODE_SIGN_STYLE = Automatic;
				DEVELOPMENT_TEAM = LLN3SQU5HY;
				INFOPLIST_FILE = "Mini GroceryTests/Info.plist";
				IPHONEOS_DEPLOYMENT_TARGET = 14.1;
				LD_RUNPATH_SEARCH_PATHS = (
					"$(inherited)",
					"@executable_path/Frameworks",
					"@loader_path/Frameworks",
				);
				PRODUCT_BUNDLE_IDENTIFIER = "case.Mini-GroceryTests";
				PRODUCT_NAME = "$(TARGET_NAME)";
				SWIFT_VERSION = 5.0;
				TARGETED_DEVICE_FAMILY = "1,2";
				TEST_HOST = "$(BUILT_PRODUCTS_DIR)/Mini Grocery.app/Mini Grocery";
			};
			name = Release;
		};
		E3D4FBD2258525470029E659 /* Debug */ = {
			isa = XCBuildConfiguration;
			baseConfigurationReference = EB210BD86B10179551C3A21E /* Pods-Mini Grocery-Mini GroceryUITests.debug.xcconfig */;
			buildSettings = {
				ALWAYS_EMBED_SWIFT_STANDARD_LIBRARIES = YES;
				CODE_SIGN_STYLE = Automatic;
				DEVELOPMENT_TEAM = LLN3SQU5HY;
				INFOPLIST_FILE = "Mini GroceryUITests/Info.plist";
				LD_RUNPATH_SEARCH_PATHS = (
					"$(inherited)",
					"@executable_path/Frameworks",
					"@loader_path/Frameworks",
				);
				PRODUCT_BUNDLE_IDENTIFIER = "case.Mini-GroceryUITests";
				PRODUCT_NAME = "$(TARGET_NAME)";
				SWIFT_VERSION = 5.0;
				TARGETED_DEVICE_FAMILY = "1,2";
				TEST_TARGET_NAME = "Mini Grocery";
			};
			name = Debug;
		};
		E3D4FBD3258525470029E659 /* Release */ = {
			isa = XCBuildConfiguration;
			baseConfigurationReference = 53ED510833EEE8BB3EF45EF7 /* Pods-Mini Grocery-Mini GroceryUITests.release.xcconfig */;
			buildSettings = {
				ALWAYS_EMBED_SWIFT_STANDARD_LIBRARIES = YES;
				CODE_SIGN_STYLE = Automatic;
				DEVELOPMENT_TEAM = LLN3SQU5HY;
				INFOPLIST_FILE = "Mini GroceryUITests/Info.plist";
				LD_RUNPATH_SEARCH_PATHS = (
					"$(inherited)",
					"@executable_path/Frameworks",
					"@loader_path/Frameworks",
				);
				PRODUCT_BUNDLE_IDENTIFIER = "case.Mini-GroceryUITests";
				PRODUCT_NAME = "$(TARGET_NAME)";
				SWIFT_VERSION = 5.0;
				TARGETED_DEVICE_FAMILY = "1,2";
				TEST_TARGET_NAME = "Mini Grocery";
			};
			name = Release;
		};
/* End XCBuildConfiguration section */

/* Begin XCConfigurationList section */
		E3D4FB9C258525450029E659 /* Build configuration list for PBXProject "Mini Grocery" */ = {
			isa = XCConfigurationList;
			buildConfigurations = (
				E3D4FBC9258525470029E659 /* Debug */,
				E3D4FBCA258525470029E659 /* Release */,
			);
			defaultConfigurationIsVisible = 0;
			defaultConfigurationName = Release;
		};
		E3D4FBCB258525470029E659 /* Build configuration list for PBXNativeTarget "Mini Grocery" */ = {
			isa = XCConfigurationList;
			buildConfigurations = (
				E3D4FBCC258525470029E659 /* Debug */,
				E3D4FBCD258525470029E659 /* Release */,
			);
			defaultConfigurationIsVisible = 0;
			defaultConfigurationName = Release;
		};
		E3D4FBCE258525470029E659 /* Build configuration list for PBXNativeTarget "Mini GroceryTests" */ = {
			isa = XCConfigurationList;
			buildConfigurations = (
				E3D4FBCF258525470029E659 /* Debug */,
				E3D4FBD0258525470029E659 /* Release */,
			);
			defaultConfigurationIsVisible = 0;
			defaultConfigurationName = Release;
		};
		E3D4FBD1258525470029E659 /* Build configuration list for PBXNativeTarget "Mini GroceryUITests" */ = {
			isa = XCConfigurationList;
			buildConfigurations = (
				E3D4FBD2258525470029E659 /* Debug */,
				E3D4FBD3258525470029E659 /* Release */,
			);
			defaultConfigurationIsVisible = 0;
			defaultConfigurationName = Release;
		};
/* End XCConfigurationList section */
	};
	rootObject = E3D4FB99258525450029E659 /* Project object */;
}
